
Microsoft Visual Studio Solution File, Format Version 12.00
# Visual Studio 15
VisualStudioVersion = 15.0.27130.2010
MinimumVisualStudioVersion = 10.0.40219.1
Project("{2150E333-8FDC-42A3-9474-1A3956D46DE8}") = "2 - Business", "2 - Business", "{15DA778F-9454-4D1C-9866-BC562499F2E9}"
EndProject
Project("{2150E333-8FDC-42A3-9474-1A3956D46DE8}") = "3 - Infrastructure", "3 - Infrastructure", "{1CF5D584-6DEF-45F1-BD75-60B1ECD873DD}"
EndProject
Project("{FAE04EC0-301F-11D3-BF4B-00C04F79EFBC}") = "Concrety.Core", "Concrety.Core\Concrety.Core.csproj", "{8ECDF78E-2747-41D4-A681-F4003ACB8FAC}"
EndProject
Project("{FAE04EC0-301F-11D3-BF4B-00C04F79EFBC}") = "Concrety.Data", "Concrety.Data\Concrety.Data.csproj", "{D34C7F8E-D295-4B31-A39B-B13761376A16}"
EndProject
Project("{FAE04EC0-301F-11D3-BF4B-00C04F79EFBC}") = "Concrety.Identity", "Concrety.Identity\Concrety.Identity.csproj", "{EA8BA25F-5657-402F-9E18-ED69A88AAAE0}"
EndProject
Project("{FAE04EC0-301F-11D3-BF4B-00C04F79EFBC}") = "Concrety.Services", "Concrety.Services\Concrety.Services.csproj", "{12474593-99D8-4D0D-8CAA-E7B1196E3D02}"
EndProject
Project("{2150E333-8FDC-42A3-9474-1A3956D46DE8}") = "1 - Application", "1 - Application", "{BE1271E7-2DD6-4EAA-9502-18535A634F8C}"
EndProject
Project("{FAE04EC0-301F-11D3-BF4B-00C04F79EFBC}") = "Concrety.API", "Concrety.API\Concrety.API.csproj", "{C8B703EE-C2BC-4B0E-9755-65686B0686A9}"
EndProject
Project("{FAE04EC0-301F-11D3-BF4B-00C04F79EFBC}") = "Concrety.Crosscutting.Logging", "Concrety.Crosscutting.Logging\Concrety.Crosscutting.Logging.csproj", "{80756397-E0DB-4A07-802A-AA3CCCB948B4}"
EndProject
Project("{FAE04EC0-301F-11D3-BF4B-00C04F79EFBC}") = "Concrety.Data.Azure", "Concrety.Data.Azure\Concrety.Data.Azure.csproj", "{CEA7B452-FC66-4FA0-8E94-15A72BD18495}"
EndProject
Project("{FAE04EC0-301F-11D3-BF4B-00C04F79EFBC}") = "Concrety.Data.API", "Concrety.Data.API\Concrety.Data.API.csproj", "{9E542330-37ED-413A-AE1E-290F4526A3A8}"
EndProject
Global
	GlobalSection(SolutionConfigurationPlatforms) = preSolution
		Debug|Any CPU = Debug|Any CPU
		Release|Any CPU = Release|Any CPU
	EndGlobalSection
	GlobalSection(ProjectConfigurationPlatforms) = postSolution
		{8ECDF78E-2747-41D4-A681-F4003ACB8FAC}.Debug|Any CPU.ActiveCfg = Debug|Any CPU
		{8ECDF78E-2747-41D4-A681-F4003ACB8FAC}.Debug|Any CPU.Build.0 = Debug|Any CPU
		{8ECDF78E-2747-41D4-A681-F4003ACB8FAC}.Release|Any CPU.ActiveCfg = Release|Any CPU
		{8ECDF78E-2747-41D4-A681-F4003ACB8FAC}.Release|Any CPU.Build.0 = Release|Any CPU
		{D34C7F8E-D295-4B31-A39B-B13761376A16}.Debug|Any CPU.ActiveCfg = Debug|Any CPU
		{D34C7F8E-D295-4B31-A39B-B13761376A16}.Debug|Any CPU.Build.0 = Debug|Any CPU
		{D34C7F8E-D295-4B31-A39B-B13761376A16}.Release|Any CPU.ActiveCfg = Release|Any CPU
		{D34C7F8E-D295-4B31-A39B-B13761376A16}.Release|Any CPU.Build.0 = Release|Any CPU
		{EA8BA25F-5657-402F-9E18-ED69A88AAAE0}.Debug|Any CPU.ActiveCfg = Debug|Any CPU
		{EA8BA25F-5657-402F-9E18-ED69A88AAAE0}.Debug|Any CPU.Build.0 = Debug|Any CPU
		{EA8BA25F-5657-402F-9E18-ED69A88AAAE0}.Release|Any CPU.ActiveCfg = Release|Any CPU
		{EA8BA25F-5657-402F-9E18-ED69A88AAAE0}.Release|Any CPU.Build.0 = Release|Any CPU
		{12474593-99D8-4D0D-8CAA-E7B1196E3D02}.Debug|Any CPU.ActiveCfg = Debug|Any CPU
		{12474593-99D8-4D0D-8CAA-E7B1196E3D02}.Debug|Any CPU.Build.0 = Debug|Any CPU
		{12474593-99D8-4D0D-8CAA-E7B1196E3D02}.Release|Any CPU.ActiveCfg = Release|Any CPU
		{12474593-99D8-4D0D-8CAA-E7B1196E3D02}.Release|Any CPU.Build.0 = Release|Any CPU
		{C8B703EE-C2BC-4B0E-9755-65686B0686A9}.Debug|Any CPU.ActiveCfg = Debug|Any CPU
		{C8B703EE-C2BC-4B0E-9755-65686B0686A9}.Debug|Any CPU.Build.0 = Debug|Any CPU
		{C8B703EE-C2BC-4B0E-9755-65686B0686A9}.Release|Any CPU.ActiveCfg = Release|Any CPU
		{C8B703EE-C2BC-4B0E-9755-65686B0686A9}.Release|Any CPU.Build.0 = Release|Any CPU
		{80756397-E0DB-4A07-802A-AA3CCCB948B4}.Debug|Any CPU.ActiveCfg = Debug|Any CPU
		{80756397-E0DB-4A07-802A-AA3CCCB948B4}.Debug|Any CPU.Build.0 = Debug|Any CPU
		{80756397-E0DB-4A07-802A-AA3CCCB948B4}.Release|Any CPU.ActiveCfg = Release|Any CPU
		{80756397-E0DB-4A07-802A-AA3CCCB948B4}.Release|Any CPU.Build.0 = Release|Any CPU
		{CEA7B452-FC66-4FA0-8E94-15A72BD18495}.Debug|Any CPU.ActiveCfg = Debug|Any CPU
		{CEA7B452-FC66-4FA0-8E94-15A72BD18495}.Debug|Any CPU.Build.0 = Debug|Any CPU
		{CEA7B452-FC66-4FA0-8E94-15A72BD18495}.Release|Any CPU.ActiveCfg = Release|Any CPU
		{CEA7B452-FC66-4FA0-8E94-15A72BD18495}.Release|Any CPU.Build.0 = Release|Any CPU
		{9E542330-37ED-413A-AE1E-290F4526A3A8}.Debug|Any CPU.ActiveCfg = Debug|Any CPU
		{9E542330-37ED-413A-AE1E-290F4526A3A8}.Debug|Any CPU.Build.0 = Debug|Any CPU
		{9E542330-37ED-413A-AE1E-290F4526A3A8}.Release|Any CPU.ActiveCfg = Release|Any CPU
		{9E542330-37ED-413A-AE1E-290F4526A3A8}.Release|Any CPU.Build.0 = Release|Any CPU
	EndGlobalSection
	GlobalSection(SolutionProperties) = preSolution
		HideSolutionNode = FALSE
	EndGlobalSection
	GlobalSection(NestedProjects) = preSolution
		{8ECDF78E-2747-41D4-A681-F4003ACB8FAC} = {15DA778F-9454-4D1C-9866-BC562499F2E9}
		{D34C7F8E-D295-4B31-A39B-B13761376A16} = {1CF5D584-6DEF-45F1-BD75-60B1ECD873DD}
		{EA8BA25F-5657-402F-9E18-ED69A88AAAE0} = {1CF5D584-6DEF-45F1-BD75-60B1ECD873DD}
		{12474593-99D8-4D0D-8CAA-E7B1196E3D02} = {15DA778F-9454-4D1C-9866-BC562499F2E9}
		{C8B703EE-C2BC-4B0E-9755-65686B0686A9} = {BE1271E7-2DD6-4EAA-9502-18535A634F8C}
		{80756397-E0DB-4A07-802A-AA3CCCB948B4} = {1CF5D584-6DEF-45F1-BD75-60B1ECD873DD}
		{CEA7B452-FC66-4FA0-8E94-15A72BD18495} = {1CF5D584-6DEF-45F1-BD75-60B1ECD873DD}
		{9E542330-37ED-413A-AE1E-290F4526A3A8} = {1CF5D584-6DEF-45F1-BD75-60B1ECD873DD}
	EndGlobalSection
	GlobalSection(ExtensibilityGlobals) = postSolution
		SolutionGuid = {18394D48-68F6-4703-A651-B72AA8BDDD6B}
	EndGlobalSection
EndGlobal
